// !$*UTF8*$!
{
	archiveVersion = 1;
	classes = {
	};
	objectVersion = 46;
	objects = {

/* Begin PBXBuildFile section */
		890334521D1147B600DD58BC /* main.m in Sources */ = {isa = PBXBuildFile; fileRef = 890334511D1147B600DD58BC /* main.m */; };
		890334551D1147B600DD58BC /* AppDelegate.m in Sources */ = {isa = PBXBuildFile; fileRef = 890334541D1147B600DD58BC /* AppDelegate.m */; };
		8903345D1D1147B600DD58BC /* Assets.xcassets in Resources */ = {isa = PBXBuildFile; fileRef = 8903345C1D1147B600DD58BC /* Assets.xcassets */; };
		890334601D1147B600DD58BC /* LaunchScreen.storyboard in Resources */ = {isa = PBXBuildFile; fileRef = 8903345E1D1147B600DD58BC /* LaunchScreen.storyboard */; };
		890334921D114A7C00DD58BC /* NSArray+Log.m in Sources */ = {isa = PBXBuildFile; fileRef = 890334781D114A7C00DD58BC /* NSArray+Log.m */; };
		890334931D114A7C00DD58BC /* NSAttributedString+CZAdditon.m in Sources */ = {isa = PBXBuildFile; fileRef = 8903347A1D114A7C00DD58BC /* NSAttributedString+CZAdditon.m */; };
		890334941D114A7C00DD58BC /* NSObject+CZRuntime.m in Sources */ = {isa = PBXBuildFile; fileRef = 8903347C1D114A7C00DD58BC /* NSObject+CZRuntime.m */; };
		890334951D114A7C00DD58BC /* NSString+CZBase64.m in Sources */ = {isa = PBXBuildFile; fileRef = 8903347E1D114A7C00DD58BC /* NSString+CZBase64.m */; };
		890334961D114A7C00DD58BC /* NSString+CZHash.m in Sources */ = {isa = PBXBuildFile; fileRef = 890334801D114A7C00DD58BC /* NSString+CZHash.m */; };
		890334971D114A7C00DD58BC /* NSString+CZPath.m in Sources */ = {isa = PBXBuildFile; fileRef = 890334821D114A7C00DD58BC /* NSString+CZPath.m */; };
		890334981D114A7C00DD58BC /* UIButton+CZAddition.m in Sources */ = {isa = PBXBuildFile; fileRef = 890334841D114A7C00DD58BC /* UIButton+CZAddition.m */; };
		890334991D114A7C00DD58BC /* UIColor+CZAddition.m in Sources */ = {isa = PBXBuildFile; fileRef = 890334861D114A7C00DD58BC /* UIColor+CZAddition.m */; };
		8903349A1D114A7C00DD58BC /* UILabel+CZAddition.m in Sources */ = {isa = PBXBuildFile; fileRef = 890334881D114A7C00DD58BC /* UILabel+CZAddition.m */; };
		8903349B1D114A7C00DD58BC /* UIScreen+CZAddition.m in Sources */ = {isa = PBXBuildFile; fileRef = 8903348A1D114A7C00DD58BC /* UIScreen+CZAddition.m */; };
		8903349C1D114A7C00DD58BC /* UIView+CZAddition.m in Sources */ = {isa = PBXBuildFile; fileRef = 8903348C1D114A7C00DD58BC /* UIView+CZAddition.m */; };
		8903349D1D114A7C00DD58BC /* UIViewController+CZAddition.m in Sources */ = {isa = PBXBuildFile; fileRef = 8903348E1D114A7C00DD58BC /* UIViewController+CZAddition.m */; };
		8903349E1D114A7C00DD58BC /* CZNetworkManager.m in Sources */ = {isa = PBXBuildFile; fileRef = 890334911D114A7C00DD58BC /* CZNetworkManager.m */; };
		890334AA1D114D2B00DD58BC /* WYHomeViewController.m in Sources */ = {isa = PBXBuildFile; fileRef = 890334A91D114D2B00DD58BC /* WYHomeViewController.m */; };
		890334AD1D114D4200DD58BC /* WYMainViewController.m in Sources */ = {isa = PBXBuildFile; fileRef = 890334AC1D114D4200DD58BC /* WYMainViewController.m */; };
		890334B31D11819D00DD58BC /* WYNewsListViewController.m in Sources */ = {isa = PBXBuildFile; fileRef = 890334B21D11819D00DD58BC /* WYNewsListViewController.m */; };
		89C9C8A11D13074400292A25 /* WYNewsExtraImagesCell.xib in Resources */ = {isa = PBXBuildFile; fileRef = 89C9C8A01D13074400292A25 /* WYNewsExtraImagesCell.xib */; };
		89D6C8D61D137D7300ED2CAE /* WYNewsCell.m in Sources */ = {isa = PBXBuildFile; fileRef = 89D6C8D51D137D7300ED2CAE /* WYNewsCell.m */; };
		89D6C8E21D138BE800ED2CAE /* WYNewsBigImageCell.xib in Resources */ = {isa = PBXBuildFile; fileRef = 89D6C8E11D138BE800ED2CAE /* WYNewsBigImageCell.xib */; };
		89E60F611D127E9300E354C0 /* WYNewsListItem.m in Sources */ = {isa = PBXBuildFile; fileRef = 89E60F601D127E9300E354C0 /* WYNewsListItem.m */; };
		89E60F671D12BB5A00E354C0 /* WYNewsNormalCell.xib in Resources */ = {isa = PBXBuildFile; fileRef = 89E60F651D12BB5A00E354C0 /* WYNewsNormalCell.xib */; };
		D951913C92D41E3B5975D137 /* libPods-day14网易新闻.a in Frameworks */ = {isa = PBXBuildFile; fileRef = 1AAB6790C020C65454B497FB /* libPods-day14网易新闻.a */; };
/* End PBXBuildFile section */

/* Begin PBXFileReference section */
		1AAB6790C020C65454B497FB /* libPods-day14网易新闻.a */ = {isa = PBXFileReference; explicitFileType = archive.ar; includeInIndex = 0; path = "libPods-day14网易新闻.a"; sourceTree = BUILT_PRODUCTS_DIR; };
		8903344D1D1147B600DD58BC /* day14网易新闻.app */ = {isa = PBXFileReference; explicitFileType = wrapper.application; includeInIndex = 0; path = "day14网易新闻.app"; sourceTree = BUILT_PRODUCTS_DIR; };
		890334511D1147B600DD58BC /* main.m */ = {isa = PBXFileReference; lastKnownFileType = sourcecode.c.objc; path = main.m; sourceTree = "<group>"; };
		890334531D1147B600DD58BC /* AppDelegate.h */ = {isa = PBXFileReference; lastKnownFileType = sourcecode.c.h; path = AppDelegate.h; sourceTree = "<group>"; };
		890334541D1147B600DD58BC /* AppDelegate.m */ = {isa = PBXFileReference; lastKnownFileType = sourcecode.c.objc; path = AppDelegate.m; sourceTree = "<group>"; };
		8903345C1D1147B600DD58BC /* Assets.xcassets */ = {isa = PBXFileReference; lastKnownFileType = folder.assetcatalog; path = Assets.xcassets; sourceTree = "<group>"; };
		8903345F1D1147B600DD58BC /* Base */ = {isa = PBXFileReference; lastKnownFileType = file.storyboard; name = Base; path = Base.lproj/LaunchScreen.storyboard; sourceTree = "<group>"; };
		890334611D1147B600DD58BC /* Info.plist */ = {isa = PBXFileReference; lastKnownFileType = text.plist.xml; path = Info.plist; sourceTree = "<group>"; };
		890334761D114A7C00DD58BC /* CZAdditions.h */ = {isa = PBXFileReference; fileEncoding = 4; lastKnownFileType = sourcecode.c.h; path = CZAdditions.h; sourceTree = "<group>"; };
		890334771D114A7C00DD58BC /* NSArray+Log.h */ = {isa = PBXFileReference; fileEncoding = 4; lastKnownFileType = sourcecode.c.h; path = "NSArray+Log.h"; sourceTree = "<group>"; };
		890334781D114A7C00DD58BC /* NSArray+Log.m */ = {isa = PBXFileReference; fileEncoding = 4; lastKnownFileType = sourcecode.c.objc; path = "NSArray+Log.m"; sourceTree = "<group>"; };
		890334791D114A7C00DD58BC /* NSAttributedString+CZAdditon.h */ = {isa = PBXFileReference; fileEncoding = 4; lastKnownFileType = sourcecode.c.h; path = "NSAttributedString+CZAdditon.h"; sourceTree = "<group>"; };
		8903347A1D114A7C00DD58BC /* NSAttributedString+CZAdditon.m */ = {isa = PBXFileReference; fileEncoding = 4; lastKnownFileType = sourcecode.c.objc; path = "NSAttributedString+CZAdditon.m"; sourceTree = "<group>"; };
		8903347B1D114A7C00DD58BC /* NSObject+CZRuntime.h */ = {isa = PBXFileReference; fileEncoding = 4; lastKnownFileType = sourcecode.c.h; path = "NSObject+CZRuntime.h"; sourceTree = "<group>"; };
		8903347C1D114A7C00DD58BC /* NSObject+CZRuntime.m */ = {isa = PBXFileReference; fileEncoding = 4; lastKnownFileType = sourcecode.c.objc; path = "NSObject+CZRuntime.m"; sourceTree = "<group>"; };
		8903347D1D114A7C00DD58BC /* NSString+CZBase64.h */ = {isa = PBXFileReference; fileEncoding = 4; lastKnownFileType = sourcecode.c.h; path = "NSString+CZBase64.h"; sourceTree = "<group>"; };
		8903347E1D114A7C00DD58BC /* NSString+CZBase64.m */ = {isa = PBXFileReference; fileEncoding = 4; lastKnownFileType = sourcecode.c.objc; path = "NSString+CZBase64.m"; sourceTree = "<group>"; };
		8903347F1D114A7C00DD58BC /* NSString+CZHash.h */ = {isa = PBXFileReference; fileEncoding = 4; lastKnownFileType = sourcecode.c.h; path = "NSString+CZHash.h"; sourceTree = "<group>"; };
		890334801D114A7C00DD58BC /* NSString+CZHash.m */ = {isa = PBXFileReference; fileEncoding = 4; lastKnownFileType = sourcecode.c.objc; path = "NSString+CZHash.m"; sourceTree = "<group>"; };
		890334811D114A7C00DD58BC /* NSString+CZPath.h */ = {isa = PBXFileReference; fileEncoding = 4; lastKnownFileType = sourcecode.c.h; path = "NSString+CZPath.h"; sourceTree = "<group>"; };
		890334821D114A7C00DD58BC /* NSString+CZPath.m */ = {isa = PBXFileReference; fileEncoding = 4; lastKnownFileType = sourcecode.c.objc; path = "NSString+CZPath.m"; sourceTree = "<group>"; };
		890334831D114A7C00DD58BC /* UIButton+CZAddition.h */ = {isa = PBXFileReference; fileEncoding = 4; lastKnownFileType = sourcecode.c.h; path = "UIButton+CZAddition.h"; sourceTree = "<group>"; };
		890334841D114A7C00DD58BC /* UIButton+CZAddition.m */ = {isa = PBXFileReference; fileEncoding = 4; lastKnownFileType = sourcecode.c.objc; path = "UIButton+CZAddition.m"; sourceTree = "<group>"; };
		890334851D114A7C00DD58BC /* UIColor+CZAddition.h */ = {isa = PBXFileReference; fileEncoding = 4; lastKnownFileType = sourcecode.c.h; path = "UIColor+CZAddition.h"; sourceTree = "<group>"; };
		890334861D114A7C00DD58BC /* UIColor+CZAddition.m */ = {isa = PBXFileReference; fileEncoding = 4; lastKnownFileType = sourcecode.c.objc; path = "UIColor+CZAddition.m"; sourceTree = "<group>"; };
		890334871D114A7C00DD58BC /* UILabel+CZAddition.h */ = {isa = PBXFileReference; fileEncoding = 4; lastKnownFileType = sourcecode.c.h; path = "UILabel+CZAddition.h"; sourceTree = "<group>"; };
		890334881D114A7C00DD58BC /* UILabel+CZAddition.m */ = {isa = PBXFileReference; fileEncoding = 4; lastKnownFileType = sourcecode.c.objc; path = "UILabel+CZAddition.m"; sourceTree = "<group>"; };
		890334891D114A7C00DD58BC /* UIScreen+CZAddition.h */ = {isa = PBXFileReference; fileEncoding = 4; lastKnownFileType = sourcecode.c.h; path = "UIScreen+CZAddition.h"; sourceTree = "<group>"; };
		8903348A1D114A7C00DD58BC /* UIScreen+CZAddition.m */ = {isa = PBXFileReference; fileEncoding = 4; lastKnownFileType = sourcecode.c.objc; path = "UIScreen+CZAddition.m"; sourceTree = "<group>"; };
		8903348B1D114A7C00DD58BC /* UIView+CZAddition.h */ = {isa = PBXFileReference; fileEncoding = 4; lastKnownFileType = sourcecode.c.h; path = "UIView+CZAddition.h"; sourceTree = "<group>"; };
		8903348C1D114A7C00DD58BC /* UIView+CZAddition.m */ = {isa = PBXFileReference; fileEncoding = 4; lastKnownFileType = sourcecode.c.objc; path = "UIView+CZAddition.m"; sourceTree = "<group>"; };
		8903348D1D114A7C00DD58BC /* UIViewController+CZAddition.h */ = {isa = PBXFileReference; fileEncoding = 4; lastKnownFileType = sourcecode.c.h; path = "UIViewController+CZAddition.h"; sourceTree = "<group>"; };
		8903348E1D114A7C00DD58BC /* UIViewController+CZAddition.m */ = {isa = PBXFileReference; fileEncoding = 4; lastKnownFileType = sourcecode.c.objc; path = "UIViewController+CZAddition.m"; sourceTree = "<group>"; };
		890334901D114A7C00DD58BC /* CZNetworkManager.h */ = {isa = PBXFileReference; fileEncoding = 4; lastKnownFileType = sourcecode.c.h; path = CZNetworkManager.h; sourceTree = "<group>"; };
		890334911D114A7C00DD58BC /* CZNetworkManager.m */ = {isa = PBXFileReference; fileEncoding = 4; lastKnownFileType = sourcecode.c.objc; path = CZNetworkManager.m; sourceTree = "<group>"; };
		890334A81D114D2B00DD58BC /* WYHomeViewController.h */ = {isa = PBXFileReference; fileEncoding = 4; lastKnownFileType = sourcecode.c.h; path = WYHomeViewController.h; sourceTree = "<group>"; };
		890334A91D114D2B00DD58BC /* WYHomeViewController.m */ = {isa = PBXFileReference; fileEncoding = 4; lastKnownFileType = sourcecode.c.objc; path = WYHomeViewController.m; sourceTree = "<group>"; };
		890334AB1D114D4200DD58BC /* WYMainViewController.h */ = {isa = PBXFileReference; fileEncoding = 4; lastKnownFileType = sourcecode.c.h; path = WYMainViewController.h; sourceTree = "<group>"; };
		890334AC1D114D4200DD58BC /* WYMainViewController.m */ = {isa = PBXFileReference; fileEncoding = 4; lastKnownFileType = sourcecode.c.objc; path = WYMainViewController.m; sourceTree = "<group>"; };
		890334AE1D11517400DD58BC /* PrefixHeader.pch */ = {isa = PBXFileReference; lastKnownFileType = sourcecode.c.h; path = PrefixHeader.pch; sourceTree = "<group>"; };
		890334B11D11819D00DD58BC /* WYNewsListViewController.h */ = {isa = PBXFileReference; fileEncoding = 4; lastKnownFileType = sourcecode.c.h; path = WYNewsListViewController.h; sourceTree = "<group>"; };
		890334B21D11819D00DD58BC /* WYNewsListViewController.m */ = {isa = PBXFileReference; fileEncoding = 4; lastKnownFileType = sourcecode.c.objc; path = WYNewsListViewController.m; sourceTree = "<group>"; };
		89C9C8A01D13074400292A25 /* WYNewsExtraImagesCell.xib */ = {isa = PBXFileReference; fileEncoding = 4; lastKnownFileType = file.xib; path = WYNewsExtraImagesCell.xib; sourceTree = "<group>"; };
		89D6C8D41D137D7300ED2CAE /* WYNewsCell.h */ = {isa = PBXFileReference; fileEncoding = 4; lastKnownFileType = sourcecode.c.h; path = WYNewsCell.h; sourceTree = "<group>"; };
		89D6C8D51D137D7300ED2CAE /* WYNewsCell.m */ = {isa = PBXFileReference; fileEncoding = 4; lastKnownFileType = sourcecode.c.objc; path = WYNewsCell.m; sourceTree = "<group>"; };
		89D6C8E11D138BE800ED2CAE /* WYNewsBigImageCell.xib */ = {isa = PBXFileReference; fileEncoding = 4; lastKnownFileType = file.xib; path = WYNewsBigImageCell.xib; sourceTree = "<group>"; };
		89E60F5F1D127E9300E354C0 /* WYNewsListItem.h */ = {isa = PBXFileReference; fileEncoding = 4; lastKnownFileType = sourcecode.c.h; path = WYNewsListItem.h; sourceTree = "<group>"; };
		89E60F601D127E9300E354C0 /* WYNewsListItem.m */ = {isa = PBXFileReference; fileEncoding = 4; lastKnownFileType = sourcecode.c.objc; path = WYNewsListItem.m; sourceTree = "<group>"; };
		89E60F651D12BB5A00E354C0 /* WYNewsNormalCell.xib */ = {isa = PBXFileReference; fileEncoding = 4; lastKnownFileType = file.xib; path = WYNewsNormalCell.xib; sourceTree = "<group>"; };
		97423FE62331E94B76482F64 /* Pods-day14网易新闻.debug.xcconfig */ = {isa = PBXFileReference; includeInIndex = 1; lastKnownFileType = text.xcconfig; name = "Pods-day14网易新闻.debug.xcconfig"; path = "Pods/Target Support Files/Pods-day14网易新闻/Pods-day14网易新闻.debug.xcconfig"; sourceTree = "<group>"; };
		D8C8F9E23109D86D99BE1191 /* Pods-day14网易新闻.release.xcconfig */ = {isa = PBXFileReference; includeInIndex = 1; lastKnownFileType = text.xcconfig; name = "Pods-day14网易新闻.release.xcconfig"; path = "Pods/Target Support Files/Pods-day14网易新闻/Pods-day14网易新闻.release.xcconfig"; sourceTree = "<group>"; };
/* End PBXFileReference section */

/* Begin PBXFrameworksBuildPhase section */
		8903344A1D1147B600DD58BC /* Frameworks */ = {
			isa = PBXFrameworksBuildPhase;
			buildActionMask = 2147483647;
			files = (
				D951913C92D41E3B5975D137 /* libPods-day14网易新闻.a in Frameworks */,
			);
			runOnlyForDeploymentPostprocessing = 0;
		};
/* End PBXFrameworksBuildPhase section */

/* Begin PBXGroup section */
		530FD1159F0C6C7216E20554 /* Frameworks */ = {
			isa = PBXGroup;
			children = (
				1AAB6790C020C65454B497FB /* libPods-day14网易新闻.a */,
			);
			name = Frameworks;
			sourceTree = "<group>";
		};
		741DFC1081BBAB2A9213D205 /* Pods */ = {
			isa = PBXGroup;
			children = (
				97423FE62331E94B76482F64 /* Pods-day14网易新闻.debug.xcconfig */,
				D8C8F9E23109D86D99BE1191 /* Pods-day14网易新闻.release.xcconfig */,
			);
			name = Pods;
			sourceTree = "<group>";
		};
		890334441D1147B600DD58BC = {
			isa = PBXGroup;
			children = (
				8903344F1D1147B600DD58BC /* day14网易新闻 */,
				8903344E1D1147B600DD58BC /* Products */,
				741DFC1081BBAB2A9213D205 /* Pods */,
				530FD1159F0C6C7216E20554 /* Frameworks */,
			);
			sourceTree = "<group>";
		};
		8903344E1D1147B600DD58BC /* Products */ = {
			isa = PBXGroup;
			children = (
				8903344D1D1147B600DD58BC /* day14网易新闻.app */,
			);
			name = Products;
			sourceTree = "<group>";
		};
		8903344F1D1147B600DD58BC /* day14网易新闻 */ = {
			isa = PBXGroup;
			children = (
				890334A51D114D1A00DD58BC /* Classes */,
				890334741D114A7C00DD58BC /* Tools */,
				890334531D1147B600DD58BC /* AppDelegate.h */,
				890334541D1147B600DD58BC /* AppDelegate.m */,
				890334501D1147B600DD58BC /* Supporting Files */,
			);
			path = "day14网易新闻";
			sourceTree = "<group>";
		};
		890334501D1147B600DD58BC /* Supporting Files */ = {
			isa = PBXGroup;
			children = (
				8903345C1D1147B600DD58BC /* Assets.xcassets */,
				8903345E1D1147B600DD58BC /* LaunchScreen.storyboard */,
				890334611D1147B600DD58BC /* Info.plist */,
				890334511D1147B600DD58BC /* main.m */,
				890334AE1D11517400DD58BC /* PrefixHeader.pch */,
			);
			name = "Supporting Files";
			sourceTree = "<group>";
		};
		890334741D114A7C00DD58BC /* Tools */ = {
			isa = PBXGroup;
			children = (
				890334751D114A7C00DD58BC /* Additions */,
				8903348F1D114A7C00DD58BC /* Network */,
			);
			path = Tools;
			sourceTree = "<group>";
		};
		890334751D114A7C00DD58BC /* Additions */ = {
			isa = PBXGroup;
			children = (
				890334761D114A7C00DD58BC /* CZAdditions.h */,
				890334771D114A7C00DD58BC /* NSArray+Log.h */,
				890334781D114A7C00DD58BC /* NSArray+Log.m */,
				890334791D114A7C00DD58BC /* NSAttributedString+CZAdditon.h */,
				8903347A1D114A7C00DD58BC /* NSAttributedString+CZAdditon.m */,
				8903347B1D114A7C00DD58BC /* NSObject+CZRuntime.h */,
				8903347C1D114A7C00DD58BC /* NSObject+CZRuntime.m */,
				8903347D1D114A7C00DD58BC /* NSString+CZBase64.h */,
				8903347E1D114A7C00DD58BC /* NSString+CZBase64.m */,
				8903347F1D114A7C00DD58BC /* NSString+CZHash.h */,
				890334801D114A7C00DD58BC /* NSString+CZHash.m */,
				890334811D114A7C00DD58BC /* NSString+CZPath.h */,
				890334821D114A7C00DD58BC /* NSString+CZPath.m */,
				890334831D114A7C00DD58BC /* UIButton+CZAddition.h */,
				890334841D114A7C00DD58BC /* UIButton+CZAddition.m */,
				890334851D114A7C00DD58BC /* UIColor+CZAddition.h */,
				890334861D114A7C00DD58BC /* UIColor+CZAddition.m */,
				890334871D114A7C00DD58BC /* UILabel+CZAddition.h */,
				890334881D114A7C00DD58BC /* UILabel+CZAddition.m */,
				890334891D114A7C00DD58BC /* UIScreen+CZAddition.h */,
				8903348A1D114A7C00DD58BC /* UIScreen+CZAddition.m */,
				8903348B1D114A7C00DD58BC /* UIView+CZAddition.h */,
				8903348C1D114A7C00DD58BC /* UIView+CZAddition.m */,
				8903348D1D114A7C00DD58BC /* UIViewController+CZAddition.h */,
				8903348E1D114A7C00DD58BC /* UIViewController+CZAddition.m */,
			);
			path = Additions;
			sourceTree = "<group>";
		};
		8903348F1D114A7C00DD58BC /* Network */ = {
			isa = PBXGroup;
			children = (
				890334901D114A7C00DD58BC /* CZNetworkManager.h */,
				890334911D114A7C00DD58BC /* CZNetworkManager.m */,
			);
			path = Network;
			sourceTree = "<group>";
		};
		890334A51D114D1A00DD58BC /* Classes */ = {
			isa = PBXGroup;
			children = (
				890334A61D114D1A00DD58BC /* Home */,
				890334A71D114D1A00DD58BC /* Main */,
			);
			path = Classes;
			sourceTree = "<group>";
		};
		890334A61D114D1A00DD58BC /* Home */ = {
			isa = PBXGroup;
			children = (
				890334A81D114D2B00DD58BC /* WYHomeViewController.h */,
				890334A91D114D2B00DD58BC /* WYHomeViewController.m */,
				890334B01D11816200DD58BC /* NewsList */,
				890334AF1D11803A00DD58BC /* NewsDetail */,
			);
			path = Home;
			sourceTree = "<group>";
		};
		890334A71D114D1A00DD58BC /* Main */ = {
			isa = PBXGroup;
			children = (
				890334AB1D114D4200DD58BC /* WYMainViewController.h */,
				890334AC1D114D4200DD58BC /* WYMainViewController.m */,
			);
			path = Main;
			sourceTree = "<group>";
		};
		890334AF1D11803A00DD58BC /* NewsDetail */ = {
			isa = PBXGroup;
			children = (
			);
			path = NewsDetail;
			sourceTree = "<group>";
		};
		890334B01D11816200DD58BC /* NewsList */ = {
			isa = PBXGroup;
			children = (
				89E60F621D12BB2000E354C0 /* View */,
				89E60F5E1D127E5E00E354C0 /* Model */,
				890334B11D11819D00DD58BC /* WYNewsListViewController.h */,
				890334B21D11819D00DD58BC /* WYNewsListViewController.m */,
			);
			path = NewsList;
			sourceTree = "<group>";
		};
		89E60F5E1D127E5E00E354C0 /* Model */ = {
			isa = PBXGroup;
			children = (
				89E60F5F1D127E9300E354C0 /* WYNewsListItem.h */,
				89E60F601D127E9300E354C0 /* WYNewsListItem.m */,
			);
			path = Model;
			sourceTree = "<group>";
		};
		89E60F621D12BB2000E354C0 /* View */ = {
			isa = PBXGroup;
			children = (
				89D6C8E11D138BE800ED2CAE /* WYNewsBigImageCell.xib */,
				89E60F651D12BB5A00E354C0 /* WYNewsNormalCell.xib */,
				89C9C8A01D13074400292A25 /* WYNewsExtraImagesCell.xib */,
				89D6C8D41D137D7300ED2CAE /* WYNewsCell.h */,
				89D6C8D51D137D7300ED2CAE /* WYNewsCell.m */,
			);
			path = View;
			sourceTree = "<group>";
		};
/* End PBXGroup section */

/* Begin PBXNativeTarget section */
		8903344C1D1147B600DD58BC /* day14网易新闻 */ = {
			isa = PBXNativeTarget;
			buildConfigurationList = 890334641D1147B600DD58BC /* Build configuration list for PBXNativeTarget "day14网易新闻" */;
			buildPhases = (
				8F6F7BCB25130B33B8C767D5 /* [CP] Check Pods Manifest.lock */,
				890334491D1147B600DD58BC /* Sources */,
				8903344A1D1147B600DD58BC /* Frameworks */,
				8903344B1D1147B600DD58BC /* Resources */,
				CBFDB8EE09B6BA6C9EC5C264 /* [CP] Embed Pods Frameworks */,
				F6305BAC0C1B86A144B99A9C /* [CP] Copy Pods Resources */,
			);
			buildRules = (
			);
			dependencies = (
			);
			name = "day14网易新闻";
			productName = "day14网易新闻";
			productReference = 8903344D1D1147B600DD58BC /* day14网易新闻.app */;
			productType = "com.apple.product-type.application";
		};
/* End PBXNativeTarget section */

/* Begin PBXProject section */
		890334451D1147B600DD58BC /* Project object */ = {
			isa = PBXProject;
			attributes = {
				CLASSPREFIX = WY;
				LastUpgradeCheck = 0730;
				ORGANIZATIONNAME = Jack.Lin;
				TargetAttributes = {
					8903344C1D1147B600DD58BC = {
						CreatedOnToolsVersion = 7.3.1;
					};
				};
			};
			buildConfigurationList = 890334481D1147B600DD58BC /* Build configuration list for PBXProject "day14网易新闻" */;
			compatibilityVersion = "Xcode 3.2";
			developmentRegion = English;
			hasScannedForEncodings = 0;
			knownRegions = (
				en,
				Base,
			);
			mainGroup = 890334441D1147B600DD58BC;
			productRefGroup = 8903344E1D1147B600DD58BC /* Products */;
			projectDirPath = "";
			projectRoot = "";
			targets = (
				8903344C1D1147B600DD58BC /* day14网易新闻 */,
			);
		};
/* End PBXProject section */

/* Begin PBXResourcesBuildPhase section */
		8903344B1D1147B600DD58BC /* Resources */ = {
			isa = PBXResourcesBuildPhase;
			buildActionMask = 2147483647;
			files = (
				89E60F671D12BB5A00E354C0 /* WYNewsNormalCell.xib in Resources */,
				89D6C8E21D138BE800ED2CAE /* WYNewsBigImageCell.xib in Resources */,
				89C9C8A11D13074400292A25 /* WYNewsExtraImagesCell.xib in Resources */,
				890334601D1147B600DD58BC /* LaunchScreen.storyboard in Resources */,
				8903345D1D1147B600DD58BC /* Assets.xcassets in Resources */,
			);
			runOnlyForDeploymentPostprocessing = 0;
		};
/* End PBXResourcesBuildPhase section */

/* Begin PBXShellScriptBuildPhase section */
		8F6F7BCB25130B33B8C767D5 /* [CP] Check Pods Manifest.lock */ = {
			isa = PBXShellScriptBuildPhase;
			buildActionMask = 2147483647;
			files = (
			);
			inputPaths = (
			);
			name = "[CP] Check Pods Manifest.lock";
			outputPaths = (
			);
			runOnlyForDeploymentPostprocessing = 0;
			shellPath = /bin/sh;
			shellScript = "diff \"${PODS_ROOT}/../Podfile.lock\" \"${PODS_ROOT}/Manifest.lock\" > /dev/null\nif [[ $? != 0 ]] ; then\n    cat << EOM\nerror: The sandbox is not in sync with the Podfile.lock. Run 'pod install' or update your CocoaPods installation.\nEOM\n    exit 1\nfi\n";
			showEnvVarsInLog = 0;
		};
		CBFDB8EE09B6BA6C9EC5C264 /* [CP] Embed Pods Frameworks */ = {
			isa = PBXShellScriptBuildPhase;
			buildActionMask = 2147483647;
			files = (
			);
			inputPaths = (
			);
			name = "[CP] Embed Pods Frameworks";
			outputPaths = (
			);
			runOnlyForDeploymentPostprocessing = 0;
			shellPath = /bin/sh;
			shellScript = "\"${SRCROOT}/Pods/Target Support Files/Pods-day14网易新闻/Pods-day14网易新闻-frameworks.sh\"\n";
			showEnvVarsInLog = 0;
		};
		F6305BAC0C1B86A144B99A9C /* [CP] Copy Pods Resources */ = {
			isa = PBXShellScriptBuildPhase;
			buildActionMask = 2147483647;
			files = (
			);
			inputPaths = (
			);
			name = "[CP] Copy Pods Resources";
			outputPaths = (
			);
			runOnlyForDeploymentPostprocessing = 0;
			shellPath = /bin/sh;
			shellScript = "\"${SRCROOT}/Pods/Target Support Files/Pods-day14网易新闻/Pods-day14网易新闻-resources.sh\"\n";
			showEnvVarsInLog = 0;
		};
/* End PBXShellScriptBuildPhase section */

/* Begin PBXSourcesBuildPhase section */
		890334491D1147B600DD58BC /* Sources */ = {
			isa = PBXSourcesBuildPhase;
			buildActionMask = 2147483647;
			files = (
				8903349E1D114A7C00DD58BC /* CZNetworkManager.m in Sources */,
				890334B31D11819D00DD58BC /* WYNewsListViewController.m in Sources */,
				890334921D114A7C00DD58BC /* NSArray+Log.m in Sources */,
				890334971D114A7C00DD58BC /* NSString+CZPath.m in Sources */,
				890334961D114A7C00DD58BC /* NSString+CZHash.m in Sources */,
				8903349B1D114A7C00DD58BC /* UIScreen+CZAddition.m in Sources */,
				8903349A1D114A7C00DD58BC /* UILabel+CZAddition.m in Sources */,
				890334981D114A7C00DD58BC /* UIButton+CZAddition.m in Sources */,
				89E60F611D127E9300E354C0 /* WYNewsListItem.m in Sources */,
				890334AD1D114D4200DD58BC /* WYMainViewController.m in Sources */,
				890334941D114A7C00DD58BC /* NSObject+CZRuntime.m in Sources */,
				890334951D114A7C00DD58BC /* NSString+CZBase64.m in Sources */,
				890334AA1D114D2B00DD58BC /* WYHomeViewController.m in Sources */,
				8903349D1D114A7C00DD58BC /* UIViewController+CZAddition.m in Sources */,
				8903349C1D114A7C00DD58BC /* UIView+CZAddition.m in Sources */,
				89D6C8D61D137D7300ED2CAE /* WYNewsCell.m in Sources */,
				890334931D114A7C00DD58BC /* NSAttributedString+CZAdditon.m in Sources */,
				890334991D114A7C00DD58BC /* UIColor+CZAddition.m in Sources */,
				890334551D1147B600DD58BC /* AppDelegate.m in Sources */,
				890334521D1147B600DD58BC /* main.m in Sources */,
			);
			runOnlyForDeploymentPostprocessing = 0;
		};
/* End PBXSourcesBuildPhase section */

/* Begin PBXVariantGroup section */
		8903345E1D1147B600DD58BC /* LaunchScreen.storyboard */ = {
			isa = PBXVariantGroup;
			children = (
				8903345F1D1147B600DD58BC /* Base */,
			);
			name = LaunchScreen.storyboard;
			sourceTree = "<group>";
		};
/* End PBXVariantGroup section */

/* Begin XCBuildConfiguration section */
		890334621D1147B600DD58BC /* Debug */ = {
			isa = XCBuildConfiguration;
			buildSettings = {
				ALWAYS_SEARCH_USER_PATHS = NO;
				CLANG_ANALYZER_NONNULL = YES;
				CLANG_CXX_LANGUAGE_STANDARD = "gnu++0x";
				CLANG_CXX_LIBRARY = "libc++";
				CLANG_ENABLE_MODULES = YES;
				CLANG_ENABLE_OBJC_ARC = YES;
				CLANG_WARN_BOOL_CONVERSION = YES;
				CLANG_WARN_CONSTANT_CONVERSION = YES;
				CLANG_WARN_DIRECT_OBJC_ISA_USAGE = YES_ERROR;
				CLANG_WARN_EMPTY_BODY = YES;
				CLANG_WARN_ENUM_CONVERSION = YES;
				CLANG_WARN_INT_CONVERSION = YES;
				CLANG_WARN_OBJC_ROOT_CLASS = YES_ERROR;
				CLANG_WARN_UNREACHABLE_CODE = YES;
				CLANG_WARN__DUPLICATE_METHOD_MATCH = YES;
				"CODE_SIGN_IDENTITY[sdk=iphoneos*]" = "iPhone Developer";
				COPY_PHASE_STRIP = NO;
				DEBUG_INFORMATION_FORMAT = dwarf;
				ENABLE_STRICT_OBJC_MSGSEND = YES;
				ENABLE_TESTABILITY = YES;
				GCC_C_LANGUAGE_STANDARD = gnu99;
				GCC_DYNAMIC_NO_PIC = NO;
				GCC_NO_COMMON_BLOCKS = YES;
				GCC_OPTIMIZATION_LEVEL = 0;
				GCC_PREPROCESSOR_DEFINITIONS = (
					"DEBUG=1",
					"$(inherited)",
				);
				GCC_WARN_64_TO_32_BIT_CONVERSION = YES;
				GCC_WARN_ABOUT_RETURN_TYPE = YES_ERROR;
				GCC_WARN_UNDECLARED_SELECTOR = YES;
				GCC_WARN_UNINITIALIZED_AUTOS = YES_AGGRESSIVE;
				GCC_WARN_UNUSED_FUNCTION = YES;
				GCC_WARN_UNUSED_VARIABLE = YES;
				IPHONEOS_DEPLOYMENT_TARGET = 9.3;
				MTL_ENABLE_DEBUG_INFO = YES;
				ONLY_ACTIVE_ARCH = YES;
				SDKROOT = iphoneos;
				TARGETED_DEVICE_FAMILY = "1,2";
			};
			name = Debug;
		};
		890334631D1147B600DD58BC /* Release */ = {
			isa = XCBuildConfiguration;
			buildSettings = {
				ALWAYS_SEARCH_USER_PATHS = NO;
				CLANG_ANALYZER_NONNULL = YES;
				CLANG_CXX_LANGUAGE_STANDARD = "gnu++0x";
				CLANG_CXX_LIBRARY = "libc++";
				CLANG_ENABLE_MODULES = YES;
				CLANG_ENABLE_OBJC_ARC = YES;
				CLANG_WARN_BOOL_CONVERSION = YES;
				CLANG_WARN_CONSTANT_CONVERSION = YES;
				CLANG_WARN_DIRECT_OBJC_ISA_USAGE = YES_ERROR;
				CLANG_WARN_EMPTY_BODY = YES;
				CLANG_WARN_ENUM_CONVERSION = YES;
				CLANG_WARN_INT_CONVERSION = YES;
				CLANG_WARN_OBJC_ROOT_CLASS = YES_ERROR;
				CLANG_WARN_UNREACHABLE_CODE = YES;
				CLANG_WARN__DUPLICATE_METHOD_MATCH = YES;
				"CODE_SIGN_IDENTITY[sdk=iphoneos*]" = "iPhone Developer";
				COPY_PHASE_STRIP = NO;
				DEBUG_INFORMATION_FORMAT = "dwarf-with-dsym";
				ENABLE_NS_ASSERTIONS = NO;
				ENABLE_STRICT_OBJC_MSGSEND = YES;
				GCC_C_LANGUAGE_STANDARD = gnu99;
				GCC_NO_COMMON_BLOCKS = YES;
				GCC_WARN_64_TO_32_BIT_CONVERSION = YES;
				GCC_WARN_ABOUT_RETURN_TYPE = YES_ERROR;
				GCC_WARN_UNDECLARED_SELECTOR = YES;
				GCC_WARN_UNINITIALIZED_AUTOS = YES_AGGRESSIVE;
				GCC_WARN_UNUSED_FUNCTION = YES;
				GCC_WARN_UNUSED_VARIABLE = YES;
				IPHONEOS_DEPLOYMENT_TARGET = 9.3;
				MTL_ENABLE_DEBUG_INFO = NO;
				SDKROOT = iphoneos;
				TARGETED_DEVICE_FAMILY = "1,2";
				VALIDATE_PRODUCT = YES;
			};
			name = Release;
		};
		890334651D1147B600DD58BC /* Debug */ = {
			isa = XCBuildConfiguration;
			baseConfigurationReference = 97423FE62331E94B76482F64 /* Pods-day14网易新闻.debug.xcconfig */;
			buildSettings = {
				ASSETCATALOG_COMPILER_APPICON_NAME = AppIcon;
				GCC_PREFIX_HEADER = "day14网易新闻/PrefixHeader.pch";
				INFOPLIST_FILE = "day14网易新闻/Info.plist";
				IPHONEOS_DEPLOYMENT_TARGET = 8.0;
				LD_RUNPATH_SEARCH_PATHS = "$(inherited) @executable_path/Frameworks";
				PRODUCT_BUNDLE_IDENTIFIER = "cn.itcast.day14----";
				PRODUCT_NAME = "$(TARGET_NAME)";
			};
			name = Debug;
		};
		890334661D1147B600DD58BC /* Release */ = {
			isa = XCBuildConfiguration;
			baseConfigurationReference = D8C8F9E23109D86D99BE1191 /* Pods-day14网易新闻.release.xcconfig */;
			buildSettings = {
				ASSETCATALOG_COMPILER_APPICON_NAME = AppIcon;
				GCC_PREFIX_HEADER = "day14网易新闻/PrefixHeader.pch";
				INFOPLIST_FILE = "day14网易新闻/Info.plist";
				IPHONEOS_DEPLOYMENT_TARGET = 8.0;
				LD_RUNPATH_SEARCH_PATHS = "$(inherited) @executable_path/Frameworks";
				PRODUCT_BUNDLE_IDENTIFIER = "cn.itcast.day14----";
				PRODUCT_NAME = "$(TARGET_NAME)";
			};
			name = Release;
		};
/* End XCBuildConfiguration section */

/* Begin XCConfigurationList section */
		890334481D1147B600DD58BC /* Build configuration list for PBXProject "day14网易新闻" */ = {
			isa = XCConfigurationList;
			buildConfigurations = (
				890334621D1147B600DD58BC /* Debug */,
				890334631D1147B600DD58BC /* Release */,
			);
			defaultConfigurationIsVisible = 0;
			defaultConfigurationName = Release;
		};
		890334641D1147B600DD58BC /* Build configuration list for PBXNativeTarget "day14网易新闻" */ = {
			isa = XCConfigurationList;
			buildConfigurations = (
				890334651D1147B600DD58BC /* Debug */,
				890334661D1147B600DD58BC /* Release */,
			);
			defaultConfigurationIsVisible = 0;
			defaultConfigurationName = Release;
		};
/* End XCConfigurationList section */
	};
	rootObject = 890334451D1147B600DD58BC /* Project object */;
}
